{
  "// Use 'forwardPorts' to make a list of ports inside the container available locally.\n// \"forwardPorts\": [],": [
    {
      "file": ".devcontainer/devcontainer.json",
      "lines": [
        11,
        22
      ]
    }
  ],
  "bench_files = Dir[File.join(__dir__, \"benchmarks\", \"*.rb\")].sort\nif bench_files.empty?": [
    {
      "file": "Rakefile",
      "lines": [
        338,
        355
      ]
    }
  ],
  "if bench_files.empty?\nputs \"No benchmark scripts found under benchmarks/.\"": [
    {
      "file": "Rakefile",
      "lines": [
        339,
        356
      ]
    }
  ]
}
